
Microsoft Visual Studio Solution File, Format Version 12.00
# Visual Studio Version 16
VisualStudioVersion = 16.0.30413.136
MinimumVisualStudioVersion = 15.0.26124.0
Project("{2150E333-8FDC-42A3-9474-1A3956D46DE8}") = "src", "src", "{07C3AD45-ECEB-47E6-A3F6-3243A6837161}"
EndProject
Project("{2150E333-8FDC-42A3-9474-1A3956D46DE8}") = "application", "application", "{33D41572-C490-48F6-AE09-4EFEE6154E52}"
EndProject
Project("{2150E333-8FDC-42A3-9474-1A3956D46DE8}") = "infrastructure", "infrastructure", "{7C721F83-E42E-4D8D-8DC6-D9F8A3C246FA}"
EndProject
Project("{2150E333-8FDC-42A3-9474-1A3956D46DE8}") = "common", "common", "{D222F42B-9563-4808-B096-1E148EA4B90A}"
EndProject
Project("{2150E333-8FDC-42A3-9474-1A3956D46DE8}") = "presentation", "presentation", "{79DFA693-4E58-4282-A1F5-129230AF3981}"
EndProject
Project("{2150E333-8FDC-42A3-9474-1A3956D46DE8}") = "persistance", "persistance", "{FAFB1C25-B19E-4A90-B6CF-4C98868690FE}"
EndProject
Project("{FAE04EC0-301F-11D3-BF4B-00C04F79EFBC}") = "microservice_arch.authenticator", "src\application\microservice_arch.authenticator\microservice_arch.authenticator.csproj", "{49AA5612-CCB8-4C09-BFE8-E741292C3BEB}"
EndProject
Project("{FAE04EC0-301F-11D3-BF4B-00C04F79EFBC}") = "microservice_arch.authorization", "src\application\microservice_arch.authorization\microservice_arch.authorization.csproj", "{A008F5FB-8800-4224-BFA1-6F7C7280B1B4}"
EndProject
Project("{FAE04EC0-301F-11D3-BF4B-00C04F79EFBC}") = "microservice_arch.common.auth", "src\common\microservice_arch.common.auth\microservice_arch.common.auth.csproj", "{857EA101-B5E3-40BE-8ED3-B38064456AA4}"
EndProject
Project("{9A19103F-16F7-4668-BE54-9A1E7A4F7556}") = "microservice_arch.farms", "src\application\microservice_arch.farms\microservice_arch.farms.csproj", "{75FCE76D-8F65-4423-A35A-49F37C7FE8C0}"
EndProject
Project("{FAE04EC0-301F-11D3-BF4B-00C04F79EFBC}") = "microservice_arch.animals", "src\application\microservice_arch.animals\microservice_arch.animals.csproj", "{2C8B520F-BBA2-48A2-AA8C-17804530A34F}"
EndProject
Project("{FAE04EC0-301F-11D3-BF4B-00C04F79EFBC}") = "microservice_arch.api.common", "src\application\microservice_arch.api.common\microservice_arch.api.common.csproj", "{DB0569CA-09D9-41D7-AE67-190EB448FC8A}"
EndProject
Project("{FAE04EC0-301F-11D3-BF4B-00C04F79EFBC}") = "microservice_arch.common", "src\common\microservice_arch.common\microservice_arch.common.csproj", "{6AD64EBD-7D2D-40FD-9887-5BC1CD68C604}"
EndProject
Global
	GlobalSection(SolutionConfigurationPlatforms) = preSolution
		Debug|Any CPU = Debug|Any CPU
		Release|Any CPU = Release|Any CPU
	EndGlobalSection
	GlobalSection(ProjectConfigurationPlatforms) = postSolution
		{49AA5612-CCB8-4C09-BFE8-E741292C3BEB}.Debug|Any CPU.ActiveCfg = Debug|Any CPU
		{49AA5612-CCB8-4C09-BFE8-E741292C3BEB}.Debug|Any CPU.Build.0 = Debug|Any CPU
		{49AA5612-CCB8-4C09-BFE8-E741292C3BEB}.Release|Any CPU.ActiveCfg = Release|Any CPU
		{49AA5612-CCB8-4C09-BFE8-E741292C3BEB}.Release|Any CPU.Build.0 = Release|Any CPU
		{A008F5FB-8800-4224-BFA1-6F7C7280B1B4}.Debug|Any CPU.ActiveCfg = Debug|Any CPU
		{A008F5FB-8800-4224-BFA1-6F7C7280B1B4}.Debug|Any CPU.Build.0 = Debug|Any CPU
		{A008F5FB-8800-4224-BFA1-6F7C7280B1B4}.Release|Any CPU.ActiveCfg = Release|Any CPU
		{A008F5FB-8800-4224-BFA1-6F7C7280B1B4}.Release|Any CPU.Build.0 = Release|Any CPU
		{857EA101-B5E3-40BE-8ED3-B38064456AA4}.Debug|Any CPU.ActiveCfg = Debug|Any CPU
		{857EA101-B5E3-40BE-8ED3-B38064456AA4}.Debug|Any CPU.Build.0 = Debug|Any CPU
		{857EA101-B5E3-40BE-8ED3-B38064456AA4}.Release|Any CPU.ActiveCfg = Release|Any CPU
		{857EA101-B5E3-40BE-8ED3-B38064456AA4}.Release|Any CPU.Build.0 = Release|Any CPU
		{75FCE76D-8F65-4423-A35A-49F37C7FE8C0}.Debug|Any CPU.ActiveCfg = Debug|Any CPU
		{75FCE76D-8F65-4423-A35A-49F37C7FE8C0}.Debug|Any CPU.Build.0 = Debug|Any CPU
		{75FCE76D-8F65-4423-A35A-49F37C7FE8C0}.Release|Any CPU.ActiveCfg = Release|Any CPU
		{75FCE76D-8F65-4423-A35A-49F37C7FE8C0}.Release|Any CPU.Build.0 = Release|Any CPU
		{2C8B520F-BBA2-48A2-AA8C-17804530A34F}.Debug|Any CPU.ActiveCfg = Debug|Any CPU
		{2C8B520F-BBA2-48A2-AA8C-17804530A34F}.Debug|Any CPU.Build.0 = Debug|Any CPU
		{2C8B520F-BBA2-48A2-AA8C-17804530A34F}.Release|Any CPU.ActiveCfg = Release|Any CPU
		{2C8B520F-BBA2-48A2-AA8C-17804530A34F}.Release|Any CPU.Build.0 = Release|Any CPU
		{DB0569CA-09D9-41D7-AE67-190EB448FC8A}.Debug|Any CPU.ActiveCfg = Debug|Any CPU
		{DB0569CA-09D9-41D7-AE67-190EB448FC8A}.Debug|Any CPU.Build.0 = Debug|Any CPU
		{DB0569CA-09D9-41D7-AE67-190EB448FC8A}.Release|Any CPU.ActiveCfg = Release|Any CPU
		{DB0569CA-09D9-41D7-AE67-190EB448FC8A}.Release|Any CPU.Build.0 = Release|Any CPU
		{6AD64EBD-7D2D-40FD-9887-5BC1CD68C604}.Debug|Any CPU.ActiveCfg = Debug|Any CPU
		{6AD64EBD-7D2D-40FD-9887-5BC1CD68C604}.Debug|Any CPU.Build.0 = Debug|Any CPU
		{6AD64EBD-7D2D-40FD-9887-5BC1CD68C604}.Release|Any CPU.ActiveCfg = Release|Any CPU
		{6AD64EBD-7D2D-40FD-9887-5BC1CD68C604}.Release|Any CPU.Build.0 = Release|Any CPU
	EndGlobalSection
	GlobalSection(SolutionProperties) = preSolution
		HideSolutionNode = FALSE
	EndGlobalSection
	GlobalSection(NestedProjects) = preSolution
		{33D41572-C490-48F6-AE09-4EFEE6154E52} = {07C3AD45-ECEB-47E6-A3F6-3243A6837161}
		{7C721F83-E42E-4D8D-8DC6-D9F8A3C246FA} = {07C3AD45-ECEB-47E6-A3F6-3243A6837161}
		{D222F42B-9563-4808-B096-1E148EA4B90A} = {07C3AD45-ECEB-47E6-A3F6-3243A6837161}
		{79DFA693-4E58-4282-A1F5-129230AF3981} = {07C3AD45-ECEB-47E6-A3F6-3243A6837161}
		{FAFB1C25-B19E-4A90-B6CF-4C98868690FE} = {07C3AD45-ECEB-47E6-A3F6-3243A6837161}
		{49AA5612-CCB8-4C09-BFE8-E741292C3BEB} = {33D41572-C490-48F6-AE09-4EFEE6154E52}
		{A008F5FB-8800-4224-BFA1-6F7C7280B1B4} = {33D41572-C490-48F6-AE09-4EFEE6154E52}
		{857EA101-B5E3-40BE-8ED3-B38064456AA4} = {D222F42B-9563-4808-B096-1E148EA4B90A}
		{75FCE76D-8F65-4423-A35A-49F37C7FE8C0} = {33D41572-C490-48F6-AE09-4EFEE6154E52}
		{2C8B520F-BBA2-48A2-AA8C-17804530A34F} = {33D41572-C490-48F6-AE09-4EFEE6154E52}
		{DB0569CA-09D9-41D7-AE67-190EB448FC8A} = {33D41572-C490-48F6-AE09-4EFEE6154E52}
		{6AD64EBD-7D2D-40FD-9887-5BC1CD68C604} = {D222F42B-9563-4808-B096-1E148EA4B90A}
	EndGlobalSection
	GlobalSection(ExtensibilityGlobals) = postSolution
		SolutionGuid = {34372778-1E88-45D4-8AB4-5EEE85AD63CC}
	EndGlobalSection
EndGlobal
