
Microsoft Visual Studio Solution File, Format Version 12.00
# Visual Studio Version 16
VisualStudioVersion = 16.0.29209.62
MinimumVisualStudioVersion = 10.0.40219.1
Project("{9A19103F-16F7-4668-BE54-9A1E7A4F7556}") = "api.authenticator", "api.authenticator\api.authenticator.csproj", "{DAF07EB6-9A14-4621-BF2C-2585E92564FA}"
EndProject
Project("{9A19103F-16F7-4668-BE54-9A1E7A4F7556}") = "core", "core\core.csproj", "{3D006B8A-3321-410D-96B6-36D6ADD1B661}"
EndProject
Project("{9A19103F-16F7-4668-BE54-9A1E7A4F7556}") = "api.core", "api.core\api.core.csproj", "{854D398F-698D-4DC7-BC04-DD7ECA775B06}"
EndProject
Project("{FAE04EC0-301F-11D3-BF4B-00C04F79EFBC}") = "auth", "auth\auth.csproj", "{9E7079B5-E0BB-4F29-B4F9-750888133973}"
EndProject
Project("{E53339B2-1760-4266-BCC7-CA923CBCF16C}") = "docker-compose", "docker-compose.dcproj", "{DCF83C8D-E42F-4904-89BC-7BE8DDE8259D}"
EndProject
Project("{FAE04EC0-301F-11D3-BF4B-00C04F79EFBC}") = "api.event-stream", "api.event-stream\api.event-stream.csproj", "{D00E7186-54BA-4DC2-A381-07EBCA8E909E}"
EndProject
Project("{FAE04EC0-301F-11D3-BF4B-00C04F79EFBC}") = "es", "es\es.csproj", "{8B351974-A244-427F-9AEF-DBEA7C87150E}"
EndProject
Project("{FAE04EC0-301F-11D3-BF4B-00C04F79EFBC}") = "api.event-coordinator", "api.event-coordinator\api.event-coordinator.csproj", "{D9A1FA58-556D-4599-99DF-0E039ABE8304}"
EndProject
Project("{FAE04EC0-301F-11D3-BF4B-00C04F79EFBC}") = "api.snapshot", "api.snapshot\api.snapshot.csproj", "{1BBB82A1-CCCD-4FC4-AE99-D6CE75B4A900}"
EndProject
Global
	GlobalSection(SolutionConfigurationPlatforms) = preSolution
		Debug|Any CPU = Debug|Any CPU
		Release|Any CPU = Release|Any CPU
	EndGlobalSection
	GlobalSection(ProjectConfigurationPlatforms) = postSolution
		{DAF07EB6-9A14-4621-BF2C-2585E92564FA}.Debug|Any CPU.ActiveCfg = Debug|Any CPU
		{DAF07EB6-9A14-4621-BF2C-2585E92564FA}.Debug|Any CPU.Build.0 = Debug|Any CPU
		{DAF07EB6-9A14-4621-BF2C-2585E92564FA}.Release|Any CPU.ActiveCfg = Release|Any CPU
		{DAF07EB6-9A14-4621-BF2C-2585E92564FA}.Release|Any CPU.Build.0 = Release|Any CPU
		{3D006B8A-3321-410D-96B6-36D6ADD1B661}.Debug|Any CPU.ActiveCfg = Debug|Any CPU
		{3D006B8A-3321-410D-96B6-36D6ADD1B661}.Debug|Any CPU.Build.0 = Debug|Any CPU
		{3D006B8A-3321-410D-96B6-36D6ADD1B661}.Release|Any CPU.ActiveCfg = Release|Any CPU
		{3D006B8A-3321-410D-96B6-36D6ADD1B661}.Release|Any CPU.Build.0 = Release|Any CPU
		{854D398F-698D-4DC7-BC04-DD7ECA775B06}.Debug|Any CPU.ActiveCfg = Debug|Any CPU
		{854D398F-698D-4DC7-BC04-DD7ECA775B06}.Debug|Any CPU.Build.0 = Debug|Any CPU
		{854D398F-698D-4DC7-BC04-DD7ECA775B06}.Release|Any CPU.ActiveCfg = Release|Any CPU
		{854D398F-698D-4DC7-BC04-DD7ECA775B06}.Release|Any CPU.Build.0 = Release|Any CPU
		{9E7079B5-E0BB-4F29-B4F9-750888133973}.Debug|Any CPU.ActiveCfg = Debug|Any CPU
		{9E7079B5-E0BB-4F29-B4F9-750888133973}.Debug|Any CPU.Build.0 = Debug|Any CPU
		{9E7079B5-E0BB-4F29-B4F9-750888133973}.Release|Any CPU.ActiveCfg = Release|Any CPU
		{9E7079B5-E0BB-4F29-B4F9-750888133973}.Release|Any CPU.Build.0 = Release|Any CPU
		{6B6AE4C8-5207-49A0-9E4D-989292589749}.Debug|Any CPU.ActiveCfg = Debug|Any CPU
		{6B6AE4C8-5207-49A0-9E4D-989292589749}.Debug|Any CPU.Build.0 = Debug|Any CPU
		{6B6AE4C8-5207-49A0-9E4D-989292589749}.Release|Any CPU.ActiveCfg = Release|Any CPU
		{6B6AE4C8-5207-49A0-9E4D-989292589749}.Release|Any CPU.Build.0 = Release|Any CPU
		{3FE8FBBF-B946-4EF6-AAF8-80CE3AB01B4C}.Debug|Any CPU.ActiveCfg = Debug|Any CPU
		{3FE8FBBF-B946-4EF6-AAF8-80CE3AB01B4C}.Debug|Any CPU.Build.0 = Debug|Any CPU
		{3FE8FBBF-B946-4EF6-AAF8-80CE3AB01B4C}.Release|Any CPU.ActiveCfg = Release|Any CPU
		{3FE8FBBF-B946-4EF6-AAF8-80CE3AB01B4C}.Release|Any CPU.Build.0 = Release|Any CPU
		{DCF83C8D-E42F-4904-89BC-7BE8DDE8259D}.Debug|Any CPU.ActiveCfg = Debug|Any CPU
		{DCF83C8D-E42F-4904-89BC-7BE8DDE8259D}.Debug|Any CPU.Build.0 = Debug|Any CPU
		{DCF83C8D-E42F-4904-89BC-7BE8DDE8259D}.Release|Any CPU.ActiveCfg = Release|Any CPU
		{DCF83C8D-E42F-4904-89BC-7BE8DDE8259D}.Release|Any CPU.Build.0 = Release|Any CPU
		{D00E7186-54BA-4DC2-A381-07EBCA8E909E}.Debug|Any CPU.ActiveCfg = Debug|Any CPU
		{D00E7186-54BA-4DC2-A381-07EBCA8E909E}.Debug|Any CPU.Build.0 = Debug|Any CPU
		{D00E7186-54BA-4DC2-A381-07EBCA8E909E}.Release|Any CPU.ActiveCfg = Release|Any CPU
		{D00E7186-54BA-4DC2-A381-07EBCA8E909E}.Release|Any CPU.Build.0 = Release|Any CPU
		{8B351974-A244-427F-9AEF-DBEA7C87150E}.Debug|Any CPU.ActiveCfg = Debug|Any CPU
		{8B351974-A244-427F-9AEF-DBEA7C87150E}.Debug|Any CPU.Build.0 = Debug|Any CPU
		{8B351974-A244-427F-9AEF-DBEA7C87150E}.Release|Any CPU.ActiveCfg = Release|Any CPU
		{8B351974-A244-427F-9AEF-DBEA7C87150E}.Release|Any CPU.Build.0 = Release|Any CPU
		{D9A1FA58-556D-4599-99DF-0E039ABE8304}.Debug|Any CPU.ActiveCfg = Debug|Any CPU
		{D9A1FA58-556D-4599-99DF-0E039ABE8304}.Debug|Any CPU.Build.0 = Debug|Any CPU
		{D9A1FA58-556D-4599-99DF-0E039ABE8304}.Release|Any CPU.ActiveCfg = Release|Any CPU
		{D9A1FA58-556D-4599-99DF-0E039ABE8304}.Release|Any CPU.Build.0 = Release|Any CPU
		{1BBB82A1-CCCD-4FC4-AE99-D6CE75B4A900}.Debug|Any CPU.ActiveCfg = Debug|Any CPU
		{1BBB82A1-CCCD-4FC4-AE99-D6CE75B4A900}.Debug|Any CPU.Build.0 = Debug|Any CPU
		{1BBB82A1-CCCD-4FC4-AE99-D6CE75B4A900}.Release|Any CPU.ActiveCfg = Release|Any CPU
		{1BBB82A1-CCCD-4FC4-AE99-D6CE75B4A900}.Release|Any CPU.Build.0 = Release|Any CPU
	EndGlobalSection
	GlobalSection(SolutionProperties) = preSolution
		HideSolutionNode = FALSE
	EndGlobalSection
	GlobalSection(ExtensibilityGlobals) = postSolution
		SolutionGuid = {7926173E-6F59-45B3-ABFA-8586AD2D8B82}
	EndGlobalSection
EndGlobal
